
Microsoft Visual Studio Solution File, Format Version 12.00
# Visual Studio Version 17
VisualStudioVersion = 17.13.35828.75 d17.13
MinimumVisualStudioVersion = 10.0.40219.1
Project("{FAE04EC0-301F-11D3-BF4B-00C04F79EFBC}") = "TP1", "TP1.csproj", "{FF0C7C00-9224-4679-87A3-43A5B7DE4DDD}"
EndProject
Global
	GlobalSection(SolutionConfigurationPlatforms) = preSolution
		Debug|Any CPU = Debug|Any CPU
		Release|Any CPU = Release|Any CPU
	EndGlobalSection
	GlobalSection(ProjectConfigurationPlatforms) = postSolution
		{FF0C7C00-9224-4679-87A3-43A5B7DE4DDD}.Debug|Any CPU.ActiveCfg = Debug|Any CPU
		{FF0C7C00-9224-4679-87A3-43A5B7DE4DDD}.Debug|Any CPU.Build.0 = Debug|Any CPU
		{FF0C7C00-9224-4679-87A3-43A5B7DE4DDD}.Release|Any CPU.ActiveCfg = Release|Any CPU
		{FF0C7C00-9224-4679-87A3-43A5B7DE4DDD}.Release|Any CPU.Build.0 = Release|Any CPU
	EndGlobalSection
	GlobalSection(SolutionProperties) = preSolution
		HideSolutionNode = FALSE
	EndGlobalSection
	GlobalSection(ExtensibilityGlobals) = postSolution
		SolutionGuid = {53904E4C-B747-4557-81B7-3CC0601545B9}
	EndGlobalSection
EndGlobal
